
Microsoft Visual Studio Solution File, Format Version 12.00
# Visual Studio Version 16
VisualStudioVersion = 16.0.30413.136
MinimumVisualStudioVersion = 10.0.40219.1
Project("{9A19103F-16F7-4668-BE54-9A1E7A4F7556}") = "perf1", "perf1\perf1.csproj", "{2859B331-2634-4312-9C80-DFB5ACEE1E7A}"
EndProject
Project("{9A19103F-16F7-4668-BE54-9A1E7A4F7556}") = "perf5", "perf5\perf5.csproj", "{E75199F7-0855-4AD0-A838-6C1EDE4B5AA1}"
EndProject
Project("{9A19103F-16F7-4668-BE54-9A1E7A4F7556}") = "perf8", "perf8\perf8.csproj", "{8BCBB432-FE73-4678-A2A9-8A126C61070D}"
EndProject
Project("{9A19103F-16F7-4668-BE54-9A1E7A4F7556}") = "perf3", "perf3\perf3.csproj", "{4B4B55B9-A622-4FC6-B688-D5580B4B0460}"
EndProject
Project("{9A19103F-16F7-4668-BE54-9A1E7A4F7556}") = "perf6", "perf6\perf6.csproj", "{6356199D-A758-4A67-B227-C5FD4D60AC76}"
EndProject
Project("{9A19103F-16F7-4668-BE54-9A1E7A4F7556}") = "perf7", "perf7\perf7.csproj", "{C726B932-CC70-47E0-A41A-3762121A9E99}"
EndProject
Project("{9A19103F-16F7-4668-BE54-9A1E7A4F7556}") = "perf2", "perf2\perf2.csproj", "{947FD40E-9465-4603-B6E4-CD4D22BC7203}"
EndProject
Project("{9A19103F-16F7-4668-BE54-9A1E7A4F7556}") = "perf4", "perf4\perf4.csproj", "{23DCEE3A-57CC-41B8-A561-5E6C0AEA2C95}"
EndProject
Project("{9A19103F-16F7-4668-BE54-9A1E7A4F7556}") = "perf9", "perf9\perf9.csproj", "{2FD296EC-E7DF-4A1B-A250-7B6A730C6069}"
EndProject
Project("{9A19103F-16F7-4668-BE54-9A1E7A4F7556}") = "perf6b", "perf6b\perf6b.csproj", "{670766AA-9F68-479B-8EFF-71AC01D19585}"
EndProject
Project("{9A19103F-16F7-4668-BE54-9A1E7A4F7556}") = "perf-hangfire", "perf-hangfire\perf-hangfire.csproj", "{3398D218-F966-4774-A1A5-CE6BEC338ACC}"
EndProject
Project("{9A19103F-16F7-4668-BE54-9A1E7A4F7556}") = "perf9b", "perf9b\perf9b.csproj", "{C048941C-9DE8-4E89-9F64-C50AF1587601}"
EndProject
Project("{9A19103F-16F7-4668-BE54-9A1E7A4F7556}") = "perf1b", "perf1b\perf1b.csproj", "{134C7C0C-66D5-4B96-9B6F-D76AEFADFDF2}"
EndProject
Global
	GlobalSection(SolutionConfigurationPlatforms) = preSolution
		Debug|Any CPU = Debug|Any CPU
		Release|Any CPU = Release|Any CPU
	EndGlobalSection
	GlobalSection(ProjectConfigurationPlatforms) = postSolution
		{2859B331-2634-4312-9C80-DFB5ACEE1E7A}.Debug|Any CPU.ActiveCfg = Debug|Any CPU
		{2859B331-2634-4312-9C80-DFB5ACEE1E7A}.Debug|Any CPU.Build.0 = Debug|Any CPU
		{2859B331-2634-4312-9C80-DFB5ACEE1E7A}.Release|Any CPU.ActiveCfg = Release|Any CPU
		{2859B331-2634-4312-9C80-DFB5ACEE1E7A}.Release|Any CPU.Build.0 = Release|Any CPU
		{E75199F7-0855-4AD0-A838-6C1EDE4B5AA1}.Debug|Any CPU.ActiveCfg = Debug|Any CPU
		{E75199F7-0855-4AD0-A838-6C1EDE4B5AA1}.Debug|Any CPU.Build.0 = Debug|Any CPU
		{E75199F7-0855-4AD0-A838-6C1EDE4B5AA1}.Release|Any CPU.ActiveCfg = Release|Any CPU
		{E75199F7-0855-4AD0-A838-6C1EDE4B5AA1}.Release|Any CPU.Build.0 = Release|Any CPU
		{8BCBB432-FE73-4678-A2A9-8A126C61070D}.Debug|Any CPU.ActiveCfg = Debug|Any CPU
		{8BCBB432-FE73-4678-A2A9-8A126C61070D}.Debug|Any CPU.Build.0 = Debug|Any CPU
		{8BCBB432-FE73-4678-A2A9-8A126C61070D}.Release|Any CPU.ActiveCfg = Release|Any CPU
		{8BCBB432-FE73-4678-A2A9-8A126C61070D}.Release|Any CPU.Build.0 = Release|Any CPU
		{4B4B55B9-A622-4FC6-B688-D5580B4B0460}.Debug|Any CPU.ActiveCfg = Debug|Any CPU
		{4B4B55B9-A622-4FC6-B688-D5580B4B0460}.Debug|Any CPU.Build.0 = Debug|Any CPU
		{4B4B55B9-A622-4FC6-B688-D5580B4B0460}.Release|Any CPU.ActiveCfg = Release|Any CPU
		{4B4B55B9-A622-4FC6-B688-D5580B4B0460}.Release|Any CPU.Build.0 = Release|Any CPU
		{6356199D-A758-4A67-B227-C5FD4D60AC76}.Debug|Any CPU.ActiveCfg = Debug|Any CPU
		{6356199D-A758-4A67-B227-C5FD4D60AC76}.Debug|Any CPU.Build.0 = Debug|Any CPU
		{6356199D-A758-4A67-B227-C5FD4D60AC76}.Release|Any CPU.ActiveCfg = Release|Any CPU
		{6356199D-A758-4A67-B227-C5FD4D60AC76}.Release|Any CPU.Build.0 = Release|Any CPU
		{C726B932-CC70-47E0-A41A-3762121A9E99}.Debug|Any CPU.ActiveCfg = Debug|Any CPU
		{C726B932-CC70-47E0-A41A-3762121A9E99}.Debug|Any CPU.Build.0 = Debug|Any CPU
		{C726B932-CC70-47E0-A41A-3762121A9E99}.Release|Any CPU.ActiveCfg = Release|Any CPU
		{C726B932-CC70-47E0-A41A-3762121A9E99}.Release|Any CPU.Build.0 = Release|Any CPU
		{947FD40E-9465-4603-B6E4-CD4D22BC7203}.Debug|Any CPU.ActiveCfg = Debug|Any CPU
		{947FD40E-9465-4603-B6E4-CD4D22BC7203}.Debug|Any CPU.Build.0 = Debug|Any CPU
		{947FD40E-9465-4603-B6E4-CD4D22BC7203}.Release|Any CPU.ActiveCfg = Release|Any CPU
		{947FD40E-9465-4603-B6E4-CD4D22BC7203}.Release|Any CPU.Build.0 = Release|Any CPU
		{23DCEE3A-57CC-41B8-A561-5E6C0AEA2C95}.Debug|Any CPU.ActiveCfg = Debug|Any CPU
		{23DCEE3A-57CC-41B8-A561-5E6C0AEA2C95}.Debug|Any CPU.Build.0 = Debug|Any CPU
		{23DCEE3A-57CC-41B8-A561-5E6C0AEA2C95}.Release|Any CPU.ActiveCfg = Release|Any CPU
		{23DCEE3A-57CC-41B8-A561-5E6C0AEA2C95}.Release|Any CPU.Build.0 = Release|Any CPU
		{2FD296EC-E7DF-4A1B-A250-7B6A730C6069}.Debug|Any CPU.ActiveCfg = Debug|Any CPU
		{2FD296EC-E7DF-4A1B-A250-7B6A730C6069}.Debug|Any CPU.Build.0 = Debug|Any CPU
		{2FD296EC-E7DF-4A1B-A250-7B6A730C6069}.Release|Any CPU.ActiveCfg = Release|Any CPU
		{2FD296EC-E7DF-4A1B-A250-7B6A730C6069}.Release|Any CPU.Build.0 = Release|Any CPU
		{670766AA-9F68-479B-8EFF-71AC01D19585}.Debug|Any CPU.ActiveCfg = Debug|Any CPU
		{670766AA-9F68-479B-8EFF-71AC01D19585}.Debug|Any CPU.Build.0 = Debug|Any CPU
		{670766AA-9F68-479B-8EFF-71AC01D19585}.Release|Any CPU.ActiveCfg = Release|Any CPU
		{670766AA-9F68-479B-8EFF-71AC01D19585}.Release|Any CPU.Build.0 = Release|Any CPU
		{3398D218-F966-4774-A1A5-CE6BEC338ACC}.Debug|Any CPU.ActiveCfg = Debug|Any CPU
		{3398D218-F966-4774-A1A5-CE6BEC338ACC}.Debug|Any CPU.Build.0 = Debug|Any CPU
		{3398D218-F966-4774-A1A5-CE6BEC338ACC}.Release|Any CPU.ActiveCfg = Release|Any CPU
		{3398D218-F966-4774-A1A5-CE6BEC338ACC}.Release|Any CPU.Build.0 = Release|Any CPU
		{C048941C-9DE8-4E89-9F64-C50AF1587601}.Debug|Any CPU.ActiveCfg = Debug|Any CPU
		{C048941C-9DE8-4E89-9F64-C50AF1587601}.Debug|Any CPU.Build.0 = Debug|Any CPU
		{C048941C-9DE8-4E89-9F64-C50AF1587601}.Release|Any CPU.ActiveCfg = Release|Any CPU
		{C048941C-9DE8-4E89-9F64-C50AF1587601}.Release|Any CPU.Build.0 = Release|Any CPU
		{134C7C0C-66D5-4B96-9B6F-D76AEFADFDF2}.Debug|Any CPU.ActiveCfg = Debug|Any CPU
		{134C7C0C-66D5-4B96-9B6F-D76AEFADFDF2}.Debug|Any CPU.Build.0 = Debug|Any CPU
		{134C7C0C-66D5-4B96-9B6F-D76AEFADFDF2}.Release|Any CPU.ActiveCfg = Release|Any CPU
		{134C7C0C-66D5-4B96-9B6F-D76AEFADFDF2}.Release|Any CPU.Build.0 = Release|Any CPU
	EndGlobalSection
	GlobalSection(SolutionProperties) = preSolution
		HideSolutionNode = FALSE
	EndGlobalSection
	GlobalSection(ExtensibilityGlobals) = postSolution
		SolutionGuid = {963220ED-5E84-4932-82DC-76705DF7BF77}
	EndGlobalSection
EndGlobal
