
Microsoft Visual Studio Solution File, Format Version 12.00
# Visual Studio Version 16
VisualStudioVersion = 16.0.30413.136
MinimumVisualStudioVersion = 10.0.40219.1
Project("{9A19103F-16F7-4668-BE54-9A1E7A4F7556}") = "perf1", "perf1\perf1.csproj", "{2859B331-2634-4312-9C80-DFB5ACEE1E7A}"
EndProject
Project("{9A19103F-16F7-4668-BE54-9A1E7A4F7556}") = "perf5", "perf5\perf5.csproj", "{E75199F7-0855-4AD0-A838-6C1EDE4B5AA1}"
EndProject
Project("{9A19103F-16F7-4668-BE54-9A1E7A4F7556}") = "perf8", "perf8\perf8.csproj", "{8BCBB432-FE73-4678-A2A9-8A126C61070D}"
EndProject
Project("{9A19103F-16F7-4668-BE54-9A1E7A4F7556}") = "perf3", "perf3\perf3.csproj", "{4B4B55B9-A622-4FC6-B688-D5580B4B0460}"
EndProject
Project("{FAE04EC0-301F-11D3-BF4B-00C04F79EFBC}") = "perf6", "perf6\perf6.csproj", "{6356199D-A758-4A67-B227-C5FD4D60AC76}"
EndProject
Project("{FAE04EC0-301F-11D3-BF4B-00C04F79EFBC}") = "perf7", "perf7\perf7.csproj", "{C726B932-CC70-47E0-A41A-3762121A9E99}"
EndProject
Project("{FAE04EC0-301F-11D3-BF4B-00C04F79EFBC}") = "perf2", "perf2\perf2.csproj", "{947FD40E-9465-4603-B6E4-CD4D22BC7203}"
EndProject
Global
	GlobalSection(SolutionConfigurationPlatforms) = preSolution
		Debug|Any CPU = Debug|Any CPU
		Release|Any CPU = Release|Any CPU
	EndGlobalSection
	GlobalSection(ProjectConfigurationPlatforms) = postSolution
		{2859B331-2634-4312-9C80-DFB5ACEE1E7A}.Debug|Any CPU.ActiveCfg = Debug|Any CPU
		{2859B331-2634-4312-9C80-DFB5ACEE1E7A}.Debug|Any CPU.Build.0 = Debug|Any CPU
		{2859B331-2634-4312-9C80-DFB5ACEE1E7A}.Release|Any CPU.ActiveCfg = Release|Any CPU
		{2859B331-2634-4312-9C80-DFB5ACEE1E7A}.Release|Any CPU.Build.0 = Release|Any CPU
		{E75199F7-0855-4AD0-A838-6C1EDE4B5AA1}.Debug|Any CPU.ActiveCfg = Debug|Any CPU
		{E75199F7-0855-4AD0-A838-6C1EDE4B5AA1}.Debug|Any CPU.Build.0 = Debug|Any CPU
		{E75199F7-0855-4AD0-A838-6C1EDE4B5AA1}.Release|Any CPU.ActiveCfg = Release|Any CPU
		{E75199F7-0855-4AD0-A838-6C1EDE4B5AA1}.Release|Any CPU.Build.0 = Release|Any CPU
		{8BCBB432-FE73-4678-A2A9-8A126C61070D}.Debug|Any CPU.ActiveCfg = Debug|Any CPU
		{8BCBB432-FE73-4678-A2A9-8A126C61070D}.Debug|Any CPU.Build.0 = Debug|Any CPU
		{8BCBB432-FE73-4678-A2A9-8A126C61070D}.Release|Any CPU.ActiveCfg = Release|Any CPU
		{8BCBB432-FE73-4678-A2A9-8A126C61070D}.Release|Any CPU.Build.0 = Release|Any CPU
		{4B4B55B9-A622-4FC6-B688-D5580B4B0460}.Debug|Any CPU.ActiveCfg = Debug|Any CPU
		{4B4B55B9-A622-4FC6-B688-D5580B4B0460}.Debug|Any CPU.Build.0 = Debug|Any CPU
		{4B4B55B9-A622-4FC6-B688-D5580B4B0460}.Release|Any CPU.ActiveCfg = Release|Any CPU
		{4B4B55B9-A622-4FC6-B688-D5580B4B0460}.Release|Any CPU.Build.0 = Release|Any CPU
		{6356199D-A758-4A67-B227-C5FD4D60AC76}.Debug|Any CPU.ActiveCfg = Debug|Any CPU
		{6356199D-A758-4A67-B227-C5FD4D60AC76}.Debug|Any CPU.Build.0 = Debug|Any CPU
		{6356199D-A758-4A67-B227-C5FD4D60AC76}.Release|Any CPU.ActiveCfg = Release|Any CPU
		{6356199D-A758-4A67-B227-C5FD4D60AC76}.Release|Any CPU.Build.0 = Release|Any CPU
		{C726B932-CC70-47E0-A41A-3762121A9E99}.Debug|Any CPU.ActiveCfg = Debug|Any CPU
		{C726B932-CC70-47E0-A41A-3762121A9E99}.Debug|Any CPU.Build.0 = Debug|Any CPU
		{C726B932-CC70-47E0-A41A-3762121A9E99}.Release|Any CPU.ActiveCfg = Release|Any CPU
		{C726B932-CC70-47E0-A41A-3762121A9E99}.Release|Any CPU.Build.0 = Release|Any CPU
		{947FD40E-9465-4603-B6E4-CD4D22BC7203}.Debug|Any CPU.ActiveCfg = Debug|Any CPU
		{947FD40E-9465-4603-B6E4-CD4D22BC7203}.Debug|Any CPU.Build.0 = Debug|Any CPU
		{947FD40E-9465-4603-B6E4-CD4D22BC7203}.Release|Any CPU.ActiveCfg = Release|Any CPU
		{947FD40E-9465-4603-B6E4-CD4D22BC7203}.Release|Any CPU.Build.0 = Release|Any CPU
	EndGlobalSection
	GlobalSection(SolutionProperties) = preSolution
		HideSolutionNode = FALSE
	EndGlobalSection
	GlobalSection(ExtensibilityGlobals) = postSolution
		SolutionGuid = {963220ED-5E84-4932-82DC-76705DF7BF77}
	EndGlobalSection
EndGlobal
